// !$*UTF8*$!
{
	archiveVersion = 1;
	classes = {
	};
	objectVersion = 50;
	objects = {

/* Begin PBXBuildFile section */
		560A37A02562575500205347 /* WXNSDK1.framework in Frameworks */ = {isa = PBXBuildFile; fileRef = 560A37962562575400205347 /* WXNSDK1.framework */; };
		560A37A52562575500205347 /* WXNSDK1Tests.swift in Sources */ = {isa = PBXBuildFile; fileRef = 560A37A42562575500205347 /* WXNSDK1Tests.swift */; };
		560A37A72562575500205347 /* WXNSDK1.h in Headers */ = {isa = PBXBuildFile; fileRef = 560A37992562575400205347 /* WXNSDK1.h */; settings = {ATTRIBUTES = (Public, ); }; };
		560A37B32562576900205347 /* WXNSDK.swift in Sources */ = {isa = PBXBuildFile; fileRef = 560A37B22562576900205347 /* WXNSDK.swift */; };
/* End PBXBuildFile section */

/* Begin PBXContainerItemProxy section */
		560A37A12562575500205347 /* PBXContainerItemProxy */ = {
			isa = PBXContainerItemProxy;
			containerPortal = 560A378D2562575400205347 /* Project object */;
			proxyType = 1;
			remoteGlobalIDString = 560A37952562575400205347;
			remoteInfo = WXNSDK1;
		};
/* End PBXContainerItemProxy section */

/* Begin PBXFileReference section */
		560A37962562575400205347 /* WXNSDK1.framework */ = {isa = PBXFileReference; explicitFileType = wrapper.framework; includeInIndex = 0; path = WXNSDK1.framework; sourceTree = BUILT_PRODUCTS_DIR; };
		560A37992562575400205347 /* WXNSDK1.h */ = {isa = PBXFileReference; lastKnownFileType = sourcecode.c.h; path = WXNSDK1.h; sourceTree = "<group>"; };
		560A379A2562575400205347 /* Info.plist */ = {isa = PBXFileReference; lastKnownFileType = text.plist.xml; path = Info.plist; sourceTree = "<group>"; };
		560A379F2562575500205347 /* WXNSDK1Tests.xctest */ = {isa = PBXFileReference; explicitFileType = wrapper.cfbundle; includeInIndex = 0; path = WXNSDK1Tests.xctest; sourceTree = BUILT_PRODUCTS_DIR; };
		560A37A42562575500205347 /* WXNSDK1Tests.swift */ = {isa = PBXFileReference; lastKnownFileType = sourcecode.swift; path = WXNSDK1Tests.swift; sourceTree = "<group>"; };
		560A37A62562575500205347 /* Info.plist */ = {isa = PBXFileReference; lastKnownFileType = text.plist.xml; path = Info.plist; sourceTree = "<group>"; };
		560A37B22562576900205347 /* WXNSDK.swift */ = {isa = PBXFileReference; lastKnownFileType = sourcecode.swift; path = WXNSDK.swift; sourceTree = "<group>"; };
/* End PBXFileReference section */

/* Begin PBXFrameworksBuildPhase section */
		560A37932562575400205347 /* Frameworks */ = {
			isa = PBXFrameworksBuildPhase;
			buildActionMask = 2147483647;
			files = (
			);
			runOnlyForDeploymentPostprocessing = 0;
		};
		560A379C2562575500205347 /* Frameworks */ = {
			isa = PBXFrameworksBuildPhase;
			buildActionMask = 2147483647;
			files = (
				560A37A02562575500205347 /* WXNSDK1.framework in Frameworks */,
			);
			runOnlyForDeploymentPostprocessing = 0;
		};
/* End PBXFrameworksBuildPhase section */

/* Begin PBXGroup section */
		560A378C2562575400205347 = {
			isa = PBXGroup;
			children = (
				560A37982562575400205347 /* WXNSDK1 */,
				560A37A32562575500205347 /* WXNSDK1Tests */,
				560A37972562575400205347 /* Products */,
			);
			sourceTree = "<group>";
		};
		560A37972562575400205347 /* Products */ = {
			isa = PBXGroup;
			children = (
				560A37962562575400205347 /* WXNSDK1.framework */,
				560A379F2562575500205347 /* WXNSDK1Tests.xctest */,
			);
			name = Products;
			sourceTree = "<group>";
		};
		560A37982562575400205347 /* WXNSDK1 */ = {
			isa = PBXGroup;
			children = (
				560A37992562575400205347 /* WXNSDK1.h */,
				560A37B22562576900205347 /* WXNSDK.swift */,
				560A379A2562575400205347 /* Info.plist */,
			);
			path = WXNSDK1;
			sourceTree = "<group>";
		};
		560A37A32562575500205347 /* WXNSDK1Tests */ = {
			isa = PBXGroup;
			children = (
				560A37A42562575500205347 /* WXNSDK1Tests.swift */,
				560A37A62562575500205347 /* Info.plist */,
			);
			path = WXNSDK1Tests;
			sourceTree = "<group>";
		};
/* End PBXGroup section */

/* Begin PBXHeadersBuildPhase section */
		560A37912562575400205347 /* Headers */ = {
			isa = PBXHeadersBuildPhase;
			buildActionMask = 2147483647;
			files = (
				560A37A72562575500205347 /* WXNSDK1.h in Headers */,
			);
			runOnlyForDeploymentPostprocessing = 0;
		};
/* End PBXHeadersBuildPhase section */

/* Begin PBXNativeTarget section */
		560A37952562575400205347 /* WXNSDK1 */ = {
			isa = PBXNativeTarget;
			buildConfigurationList = 560A37AA2562575500205347 /* Build configuration list for PBXNativeTarget "WXNSDK1" */;
			buildPhases = (
				560A37912562575400205347 /* Headers */,
				560A37922562575400205347 /* Sources */,
				560A37932562575400205347 /* Frameworks */,
				560A37942562575400205347 /* Resources */,
			);
			buildRules = (
			);
			dependencies = (
			);
			name = WXNSDK1;
			productName = WXNSDK1;
			productReference = 560A37962562575400205347 /* WXNSDK1.framework */;
			productType = "com.apple.product-type.framework";
		};
		560A379E2562575500205347 /* WXNSDK1Tests */ = {
			isa = PBXNativeTarget;
			buildConfigurationList = 560A37AD2562575500205347 /* Build configuration list for PBXNativeTarget "WXNSDK1Tests" */;
			buildPhases = (
				560A379B2562575500205347 /* Sources */,
				560A379C2562575500205347 /* Frameworks */,
				560A379D2562575500205347 /* Resources */,
			);
			buildRules = (
			);
			dependencies = (
				560A37A22562575500205347 /* PBXTargetDependency */,
			);
			name = WXNSDK1Tests;
			productName = WXNSDK1Tests;
			productReference = 560A379F2562575500205347 /* WXNSDK1Tests.xctest */;
			productType = "com.apple.product-type.bundle.unit-test";
		};
/* End PBXNativeTarget section */

/* Begin PBXProject section */
		560A378D2562575400205347 /* Project object */ = {
			isa = PBXProject;
			attributes = {
				LastSwiftUpdateCheck = 1210;
				LastUpgradeCheck = 1210;
				TargetAttributes = {
					560A37952562575400205347 = {
						CreatedOnToolsVersion = 12.1;
						LastSwiftMigration = 1210;
					};
					560A379E2562575500205347 = {
						CreatedOnToolsVersion = 12.1;
					};
				};
			};
			buildConfigurationList = 560A37902562575400205347 /* Build configuration list for PBXProject "WXNSDK1" */;
			compatibilityVersion = "Xcode 9.3";
			developmentRegion = en;
			hasScannedForEncodings = 0;
			knownRegions = (
				en,
				Base,
			);
			mainGroup = 560A378C2562575400205347;
			productRefGroup = 560A37972562575400205347 /* Products */;
			projectDirPath = "";
			projectRoot = "";
			targets = (
				560A37952562575400205347 /* WXNSDK1 */,
				560A379E2562575500205347 /* WXNSDK1Tests */,
			);
		};
/* End PBXProject section */

/* Begin PBXResourcesBuildPhase section */
		560A37942562575400205347 /* Resources */ = {
			isa = PBXResourcesBuildPhase;
			buildActionMask = 2147483647;
			files = (
			);
			runOnlyForDeploymentPostprocessing = 0;
		};
		560A379D2562575500205347 /* Resources */ = {
			isa = PBXResourcesBuildPhase;
			buildActionMask = 2147483647;
			files = (
			);
			runOnlyForDeploymentPostprocessing = 0;
		};
/* End PBXResourcesBuildPhase section */

/* Begin PBXSourcesBuildPhase section */
		560A37922562575400205347 /* Sources */ = {
			isa = PBXSourcesBuildPhase;
			buildActionMask = 2147483647;
			files = (
				560A37B32562576900205347 /* WXNSDK.swift in Sources */,
			);
			runOnlyForDeploymentPostprocessing = 0;
		};
		560A379B2562575500205347 /* Sources */ = {
			isa = PBXSourcesBuildPhase;
			buildActionMask = 2147483647;
			files = (
				560A37A52562575500205347 /* WXNSDK1Tests.swift in Sources */,
			);
			runOnlyForDeploymentPostprocessing = 0;
		};
/* End PBXSourcesBuildPhase section */

/* Begin PBXTargetDependency section */
		560A37A22562575500205347 /* PBXTargetDependency */ = {
			isa = PBXTargetDependency;
			target = 560A37952562575400205347 /* WXNSDK1 */;
			targetProxy = 560A37A12562575500205347 /* PBXContainerItemProxy */;
		};
/* End PBXTargetDependency section */

/* Begin XCBuildConfiguration section */
		560A37A82562575500205347 /* Debug */ = {
			isa = XCBuildConfiguration;
			buildSettings = {
				ALWAYS_SEARCH_USER_PATHS = NO;
				CLANG_ANALYZER_NONNULL = YES;
				CLANG_ANALYZER_NUMBER_OBJECT_CONVERSION = YES_AGGRESSIVE;
				CLANG_CXX_LANGUAGE_STANDARD = "gnu++14";
				CLANG_CXX_LIBRARY = "libc++";
				CLANG_ENABLE_MODULES = YES;
				CLANG_ENABLE_OBJC_ARC = YES;
				CLANG_ENABLE_OBJC_WEAK = YES;
				CLANG_WARN_BLOCK_CAPTURE_AUTORELEASING = YES;
				CLANG_WARN_BOOL_CONVERSION = YES;
				CLANG_WARN_COMMA = YES;
				CLANG_WARN_CONSTANT_CONVERSION = YES;
				CLANG_WARN_DEPRECATED_OBJC_IMPLEMENTATIONS = YES;
				CLANG_WARN_DIRECT_OBJC_ISA_USAGE = YES_ERROR;
				CLANG_WARN_DOCUMENTATION_COMMENTS = YES;
				CLANG_WARN_EMPTY_BODY = YES;
				CLANG_WARN_ENUM_CONVERSION = YES;
				CLANG_WARN_INFINITE_RECURSION = YES;
				CLANG_WARN_INT_CONVERSION = YES;
				CLANG_WARN_NON_LITERAL_NULL_CONVERSION = YES;
				CLANG_WARN_OBJC_IMPLICIT_RETAIN_SELF = YES;
				CLANG_WARN_OBJC_LITERAL_CONVERSION = YES;
				CLANG_WARN_OBJC_ROOT_CLASS = YES_ERROR;
				CLANG_WARN_QUOTED_INCLUDE_IN_FRAMEWORK_HEADER = YES;
				CLANG_WARN_RANGE_LOOP_ANALYSIS = YES;
				CLANG_WARN_STRICT_PROTOTYPES = YES;
				CLANG_WARN_SUSPICIOUS_MOVE = YES;
				CLANG_WARN_UNGUARDED_AVAILABILITY = YES_AGGRESSIVE;
				CLANG_WARN_UNREACHABLE_CODE = YES;
				CLANG_WARN__DUPLICATE_METHOD_MATCH = YES;
				COPY_PHASE_STRIP = NO;
				CURRENT_PROJECT_VERSION = 1;
				DEBUG_INFORMATION_FORMAT = dwarf;
				ENABLE_STRICT_OBJC_MSGSEND = YES;
				ENABLE_TESTABILITY = YES;
				GCC_C_LANGUAGE_STANDARD = gnu11;
				GCC_DYNAMIC_NO_PIC = NO;
				GCC_NO_COMMON_BLOCKS = YES;
				GCC_OPTIMIZATION_LEVEL = 0;
				GCC_PREPROCESSOR_DEFINITIONS = (
					"DEBUG=1",
					"$(inherited)",
				);
				GCC_WARN_64_TO_32_BIT_CONVERSION = YES;
				GCC_WARN_ABOUT_RETURN_TYPE = YES_ERROR;
				GCC_WARN_UNDECLARED_SELECTOR = YES;
				GCC_WARN_UNINITIALIZED_AUTOS = YES_AGGRESSIVE;
				GCC_WARN_UNUSED_FUNCTION = YES;
				GCC_WARN_UNUSED_VARIABLE = YES;
				IPHONEOS_DEPLOYMENT_TARGET = 14.1;
				MTL_ENABLE_DEBUG_INFO = INCLUDE_SOURCE;
				MTL_FAST_MATH = YES;
				ONLY_ACTIVE_ARCH = YES;
				SDKROOT = iphoneos;
				SWIFT_ACTIVE_COMPILATION_CONDITIONS = DEBUG;
				SWIFT_OPTIMIZATION_LEVEL = "-Onone";
				VERSIONING_SYSTEM = "apple-generic";
				VERSION_INFO_PREFIX = "";
			};
			name = Debug;
		};
		560A37A92562575500205347 /* Release */ = {
			isa = XCBuildConfiguration;
			buildSettings = {
				ALWAYS_SEARCH_USER_PATHS = NO;
				CLANG_ANALYZER_NONNULL = YES;
				CLANG_ANALYZER_NUMBER_OBJECT_CONVERSION = YES_AGGRESSIVE;
				CLANG_CXX_LANGUAGE_STANDARD = "gnu++14";
				CLANG_CXX_LIBRARY = "libc++";
				CLANG_ENABLE_MODULES = YES;
				CLANG_ENABLE_OBJC_ARC = YES;
				CLANG_ENABLE_OBJC_WEAK = YES;
				CLANG_WARN_BLOCK_CAPTURE_AUTORELEASING = YES;
				CLANG_WARN_BOOL_CONVERSION = YES;
				CLANG_WARN_COMMA = YES;
				CLANG_WARN_CONSTANT_CONVERSION = YES;
				CLANG_WARN_DEPRECATED_OBJC_IMPLEMENTATIONS = YES;
				CLANG_WARN_DIRECT_OBJC_ISA_USAGE = YES_ERROR;
				CLANG_WARN_DOCUMENTATION_COMMENTS = YES;
				CLANG_WARN_EMPTY_BODY = YES;
				CLANG_WARN_ENUM_CONVERSION = YES;
				CLANG_WARN_INFINITE_RECURSION = YES;
				CLANG_WARN_INT_CONVERSION = YES;
				CLANG_WARN_NON_LITERAL_NULL_CONVERSION = YES;
				CLANG_WARN_OBJC_IMPLICIT_RETAIN_SELF = YES;
				CLANG_WARN_OBJC_LITERAL_CONVERSION = YES;
				CLANG_WARN_OBJC_ROOT_CLASS = YES_ERROR;
				CLANG_WARN_QUOTED_INCLUDE_IN_FRAMEWORK_HEADER = YES;
				CLANG_WARN_RANGE_LOOP_ANALYSIS = YES;
				CLANG_WARN_STRICT_PROTOTYPES = YES;
				CLANG_WARN_SUSPICIOUS_MOVE = YES;
				CLANG_WARN_UNGUARDED_AVAILABILITY = YES_AGGRESSIVE;
				CLANG_WARN_UNREACHABLE_CODE = YES;
				CLANG_WARN__DUPLICATE_METHOD_MATCH = YES;
				COPY_PHASE_STRIP = NO;
				CURRENT_PROJECT_VERSION = 1;
				DEBUG_INFORMATION_FORMAT = "dwarf-with-dsym";
				ENABLE_NS_ASSERTIONS = NO;
				ENABLE_STRICT_OBJC_MSGSEND = YES;
				GCC_C_LANGUAGE_STANDARD = gnu11;
				GCC_NO_COMMON_BLOCKS = YES;
				GCC_WARN_64_TO_32_BIT_CONVERSION = YES;
				GCC_WARN_ABOUT_RETURN_TYPE = YES_ERROR;
				GCC_WARN_UNDECLARED_SELECTOR = YES;
				GCC_WARN_UNINITIALIZED_AUTOS = YES_AGGRESSIVE;
				GCC_WARN_UNUSED_FUNCTION = YES;
				GCC_WARN_UNUSED_VARIABLE = YES;
				IPHONEOS_DEPLOYMENT_TARGET = 14.1;
				MTL_ENABLE_DEBUG_INFO = NO;
				MTL_FAST_MATH = YES;
				SDKROOT = iphoneos;
				SWIFT_COMPILATION_MODE = wholemodule;
				SWIFT_OPTIMIZATION_LEVEL = "-O";
				VALIDATE_PRODUCT = YES;
				VERSIONING_SYSTEM = "apple-generic";
				VERSION_INFO_PREFIX = "";
			};
			name = Release;
		};
		560A37AB2562575500205347 /* Debug */ = {
			isa = XCBuildConfiguration;
			buildSettings = {
				CLANG_ENABLE_MODULES = YES;
				CODE_SIGN_STYLE = Automatic;
				DEFINES_MODULE = YES;
				DEVELOPMENT_TEAM = 8GA59RBHHT;
				DYLIB_COMPATIBILITY_VERSION = 1;
				DYLIB_CURRENT_VERSION = 1;
				DYLIB_INSTALL_NAME_BASE = "@rpath";
				INFOPLIST_FILE = WXNSDK1/Info.plist;
				INSTALL_PATH = "$(LOCAL_LIBRARY_DIR)/Frameworks";
				IPHONEOS_DEPLOYMENT_TARGET = 9.0;
				LD_RUNPATH_SEARCH_PATHS = (
					"$(inherited)",
					"@executable_path/Frameworks",
					"@loader_path/Frameworks",
				);
				MARKETING_VERSION = 1.0.0;
				PRODUCT_BUNDLE_IDENTIFIER = com.baiing.WXNSDK1;
				PRODUCT_NAME = "$(TARGET_NAME:c99extidentifier)";
				SKIP_INSTALL = YES;
				SUPPORTS_MACCATALYST = NO;
				SWIFT_OPTIMIZATION_LEVEL = "-Onone";
				SWIFT_VERSION = 5.0;
				TARGETED_DEVICE_FAMILY = 1;
			};
			name = Debug;
		};
		560A37AC2562575500205347 /* Release */ = {
			isa = XCBuildConfiguration;
			buildSettings = {
				CLANG_ENABLE_MODULES = YES;
				CODE_SIGN_STYLE = Automatic;
				DEFINES_MODULE = YES;
				DEVELOPMENT_TEAM = 8GA59RBHHT;
				DYLIB_COMPATIBILITY_VERSION = 1;
				DYLIB_CURRENT_VERSION = 1;
				DYLIB_INSTALL_NAME_BASE = "@rpath";
				INFOPLIST_FILE = WXNSDK1/Info.plist;
				INSTALL_PATH = "$(LOCAL_LIBRARY_DIR)/Frameworks";
				IPHONEOS_DEPLOYMENT_TARGET = 9.0;
				LD_RUNPATH_SEARCH_PATHS = (
					"$(inherited)",
					"@executable_path/Frameworks",
					"@loader_path/Frameworks",
				);
				MARKETING_VERSION = 1.0.0;
				PRODUCT_BUNDLE_IDENTIFIER = com.baiing.WXNSDK1;
				PRODUCT_NAME = "$(TARGET_NAME:c99extidentifier)";
				SKIP_INSTALL = YES;
				SUPPORTS_MACCATALYST = NO;
				SWIFT_VERSION = 5.0;
				TARGETED_DEVICE_FAMILY = 1;
			};
			name = Release;
		};
		560A37AE2562575500205347 /* Debug */ = {
			isa = XCBuildConfiguration;
			buildSettings = {
				ALWAYS_EMBED_SWIFT_STANDARD_LIBRARIES = YES;
				CODE_SIGN_STYLE = Automatic;
				DEVELOPMENT_TEAM = 8GA59RBHHT;
				INFOPLIST_FILE = WXNSDK1Tests/Info.plist;
				LD_RUNPATH_SEARCH_PATHS = (
					"$(inherited)",
					"@executable_path/Frameworks",
					"@loader_path/Frameworks",
				);
				PRODUCT_BUNDLE_IDENTIFIER = com.baiing.WXNSDK1Tests;
				PRODUCT_NAME = "$(TARGET_NAME)";
				SWIFT_VERSION = 5.0;
				TARGETED_DEVICE_FAMILY = "1,2";
			};
			name = Debug;
		};
		560A37AF2562575500205347 /* Release */ = {
			isa = XCBuildConfiguration;
			buildSettings = {
				ALWAYS_EMBED_SWIFT_STANDARD_LIBRARIES = YES;
				CODE_SIGN_STYLE = Automatic;
				DEVELOPMENT_TEAM = 8GA59RBHHT;
				INFOPLIST_FILE = WXNSDK1Tests/Info.plist;
				LD_RUNPATH_SEARCH_PATHS = (
					"$(inherited)",
					"@executable_path/Frameworks",
					"@loader_path/Frameworks",
				);
				PRODUCT_BUNDLE_IDENTIFIER = com.baiing.WXNSDK1Tests;
				PRODUCT_NAME = "$(TARGET_NAME)";
				SWIFT_VERSION = 5.0;
				TARGETED_DEVICE_FAMILY = "1,2";
			};
			name = Release;
		};
/* End XCBuildConfiguration section */

/* Begin XCConfigurationList section */
		560A37902562575400205347 /* Build configuration list for PBXProject "WXNSDK1" */ = {
			isa = XCConfigurationList;
			buildConfigurations = (
				560A37A82562575500205347 /* Debug */,
				560A37A92562575500205347 /* Release */,
			);
			defaultConfigurationIsVisible = 0;
			defaultConfigurationName = Release;
		};
		560A37AA2562575500205347 /* Build configuration list for PBXNativeTarget "WXNSDK1" */ = {
			isa = XCConfigurationList;
			buildConfigurations = (
				560A37AB2562575500205347 /* Debug */,
				560A37AC2562575500205347 /* Release */,
			);
			defaultConfigurationIsVisible = 0;
			defaultConfigurationName = Release;
		};
		560A37AD2562575500205347 /* Build configuration list for PBXNativeTarget "WXNSDK1Tests" */ = {
			isa = XCConfigurationList;
			buildConfigurations = (
				560A37AE2562575500205347 /* Debug */,
				560A37AF2562575500205347 /* Release */,
			);
			defaultConfigurationIsVisible = 0;
			defaultConfigurationName = Release;
		};
/* End XCConfigurationList section */
	};
	rootObject = 560A378D2562575400205347 /* Project object */;
}
